
Microsoft Visual Studio Solution File, Format Version 12.00
# Visual Studio Version 17
VisualStudioVersion = 17.3.32922.545
MinimumVisualStudioVersion = 10.0.40219.1
Project("{FAE04EC0-301F-11D3-BF4B-00C04F79EFBC}") = "HuntingTheManticore", "HuntingTheManticore.csproj", "{35952159-0AF6-4E22-8C0A-7B867BE98536}"
EndProject
Global
	GlobalSection(SolutionConfigurationPlatforms) = preSolution
		Debug|Any CPU = Debug|Any CPU
		Release|Any CPU = Release|Any CPU
	EndGlobalSection
	GlobalSection(ProjectConfigurationPlatforms) = postSolution
		{35952159-0AF6-4E22-8C0A-7B867BE98536}.Debug|Any CPU.ActiveCfg = Debug|Any CPU
		{35952159-0AF6-4E22-8C0A-7B867BE98536}.Debug|Any CPU.Build.0 = Debug|Any CPU
		{35952159-0AF6-4E22-8C0A-7B867BE98536}.Release|Any CPU.ActiveCfg = Release|Any CPU
		{35952159-0AF6-4E22-8C0A-7B867BE98536}.Release|Any CPU.Build.0 = Release|Any CPU
	EndGlobalSection
	GlobalSection(SolutionProperties) = preSolution
		HideSolutionNode = FALSE
	EndGlobalSection
	GlobalSection(ExtensibilityGlobals) = postSolution
		SolutionGuid = {DFBCA702-5345-4DC2-81BF-3498775A43B5}
	EndGlobalSection
EndGlobal
